
Microsoft Visual Studio Solution File, Format Version 12.00
# Visual Studio 2013
VisualStudioVersion = 12.0.30723.0
MinimumVisualStudioVersion = 10.0.40219.1
Project("{FAE04EC0-301F-11D3-BF4B-00C04F79EFBC}") = "html_generator", "html_generator.csproj", "{4780D7DB-7448-436F-BF32-AD4A0482C151}"
EndProject
Project("{FAE04EC0-301F-11D3-BF4B-00C04F79EFBC}") = "GeneratorTestProject", "..\GeneratorTestProject\GeneratorTestProject.csproj", "{21E79BC3-13BE-47A0-9C7B-DDABBAD15F72}"
EndProject
Global
	GlobalSection(SolutionConfigurationPlatforms) = preSolution
		Debug|Any CPU = Debug|Any CPU
		Release|Any CPU = Release|Any CPU
	EndGlobalSection
	GlobalSection(ProjectConfigurationPlatforms) = postSolution
		{4780D7DB-7448-436F-BF32-AD4A0482C151}.Debug|Any CPU.ActiveCfg = Debug|Any CPU
		{4780D7DB-7448-436F-BF32-AD4A0482C151}.Debug|Any CPU.Build.0 = Debug|Any CPU
		{4780D7DB-7448-436F-BF32-AD4A0482C151}.Release|Any CPU.ActiveCfg = Release|Any CPU
		{4780D7DB-7448-436F-BF32-AD4A0482C151}.Release|Any CPU.Build.0 = Release|Any CPU
		{21E79BC3-13BE-47A0-9C7B-DDABBAD15F72}.Debug|Any CPU.ActiveCfg = Debug|Any CPU
		{21E79BC3-13BE-47A0-9C7B-DDABBAD15F72}.Debug|Any CPU.Build.0 = Debug|Any CPU
		{21E79BC3-13BE-47A0-9C7B-DDABBAD15F72}.Release|Any CPU.ActiveCfg = Release|Any CPU
		{21E79BC3-13BE-47A0-9C7B-DDABBAD15F72}.Release|Any CPU.Build.0 = Release|Any CPU
	EndGlobalSection
	GlobalSection(SolutionProperties) = preSolution
		HideSolutionNode = FALSE
	EndGlobalSection
EndGlobal
